
Microsoft Visual Studio Solution File, Format Version 12.00
# Visual Studio Version 16
VisualStudioVersion = 16.0.30002.166
MinimumVisualStudioVersion = 10.0.40219.1
Project("{FAE04EC0-301F-11D3-BF4B-00C04F79EFBC}") = "WpfIocPluginSpike", "WpfMefPluginSpike\WpfIocPluginSpike.csproj", "{2E91EF26-F45A-46DC-BF5B-F12620D09A00}"
EndProject
Project("{FAE04EC0-301F-11D3-BF4B-00C04F79EFBC}") = "Example.PluginOne", "Example.PluginOne\Example.PluginOne.csproj", "{3E89F023-EE6A-4C2C-B50A-4E2533CD67C8}"
EndProject
Project("{FAE04EC0-301F-11D3-BF4B-00C04F79EFBC}") = "PublicApi", "PublicApi\PublicApi.csproj", "{461C27AF-99D2-4760-B472-AEB39200D799}"
EndProject
Global
	GlobalSection(SolutionConfigurationPlatforms) = preSolution
		Debug|Any CPU = Debug|Any CPU
		Release|Any CPU = Release|Any CPU
	EndGlobalSection
	GlobalSection(ProjectConfigurationPlatforms) = postSolution
		{2E91EF26-F45A-46DC-BF5B-F12620D09A00}.Debug|Any CPU.ActiveCfg = Debug|Any CPU
		{2E91EF26-F45A-46DC-BF5B-F12620D09A00}.Debug|Any CPU.Build.0 = Debug|Any CPU
		{2E91EF26-F45A-46DC-BF5B-F12620D09A00}.Release|Any CPU.ActiveCfg = Release|Any CPU
		{2E91EF26-F45A-46DC-BF5B-F12620D09A00}.Release|Any CPU.Build.0 = Release|Any CPU
		{3E89F023-EE6A-4C2C-B50A-4E2533CD67C8}.Debug|Any CPU.ActiveCfg = Debug|Any CPU
		{3E89F023-EE6A-4C2C-B50A-4E2533CD67C8}.Debug|Any CPU.Build.0 = Debug|Any CPU
		{3E89F023-EE6A-4C2C-B50A-4E2533CD67C8}.Release|Any CPU.ActiveCfg = Release|Any CPU
		{3E89F023-EE6A-4C2C-B50A-4E2533CD67C8}.Release|Any CPU.Build.0 = Release|Any CPU
		{461C27AF-99D2-4760-B472-AEB39200D799}.Debug|Any CPU.ActiveCfg = Debug|Any CPU
		{461C27AF-99D2-4760-B472-AEB39200D799}.Debug|Any CPU.Build.0 = Debug|Any CPU
		{461C27AF-99D2-4760-B472-AEB39200D799}.Release|Any CPU.ActiveCfg = Release|Any CPU
		{461C27AF-99D2-4760-B472-AEB39200D799}.Release|Any CPU.Build.0 = Release|Any CPU
	EndGlobalSection
	GlobalSection(SolutionProperties) = preSolution
		HideSolutionNode = FALSE
	EndGlobalSection
	GlobalSection(ExtensibilityGlobals) = postSolution
		SolutionGuid = {B48DC924-F382-4985-A392-80E8D98A34EB}
	EndGlobalSection
EndGlobal
